
Microsoft Visual Studio Solution File, Format Version 12.00
# Visual Studio 14
VisualStudioVersion = 14.0.25420.1
MinimumVisualStudioVersion = 10.0.40219.1
Project("{54435603-DBB4-11D2-8724-00A0C9A8B90C}") = "ServiceRunnerInstaller", "ServiceRunnerInstaller.vdproj", "{86E11834-C698-42B5-BD41-B836A5EC176C}"
EndProject
Project("{FAE04EC0-301F-11D3-BF4B-00C04F79EFBC}") = "CreateDefaultFolders", "..\CreateDefaultFolders\CreateDefaultFolders.csproj", "{1AC3E678-10AD-496C-AC6A-E72E11D855D2}"
EndProject
Global
	GlobalSection(SolutionConfigurationPlatforms) = preSolution
		Debug|Any CPU = Debug|Any CPU
		Release|Any CPU = Release|Any CPU
	EndGlobalSection
	GlobalSection(ProjectConfigurationPlatforms) = postSolution
		{86E11834-C698-42B5-BD41-B836A5EC176C}.Debug|Any CPU.ActiveCfg = Debug
		{86E11834-C698-42B5-BD41-B836A5EC176C}.Debug|Any CPU.Build.0 = Debug
		{86E11834-C698-42B5-BD41-B836A5EC176C}.Release|Any CPU.ActiveCfg = Release
		{86E11834-C698-42B5-BD41-B836A5EC176C}.Release|Any CPU.Build.0 = Release
		{1AC3E678-10AD-496C-AC6A-E72E11D855D2}.Debug|Any CPU.ActiveCfg = Debug|Any CPU
		{1AC3E678-10AD-496C-AC6A-E72E11D855D2}.Debug|Any CPU.Build.0 = Debug|Any CPU
		{1AC3E678-10AD-496C-AC6A-E72E11D855D2}.Release|Any CPU.ActiveCfg = Release|Any CPU
		{1AC3E678-10AD-496C-AC6A-E72E11D855D2}.Release|Any CPU.Build.0 = Release|Any CPU
	EndGlobalSection
	GlobalSection(SolutionProperties) = preSolution
		HideSolutionNode = FALSE
	EndGlobalSection
EndGlobal
